
Microsoft Visual Studio Solution File, Format Version 12.00
# Visual Studio Version 16
VisualStudioVersion = 16.0.32002.261
MinimumVisualStudioVersion = 10.0.40219.1
Project("{FAE04EC0-301F-11D3-BF4B-00C04F79EFBC}") = "steganography", "steganography\steganography.csproj", "{D65D0584-EE8E-4FE6-AA38-37F28AA28506}"
EndProject
Global
	GlobalSection(SolutionConfigurationPlatforms) = preSolution
		Debug|Any CPU = Debug|Any CPU
		Release|Any CPU = Release|Any CPU
	EndGlobalSection
	GlobalSection(ProjectConfigurationPlatforms) = postSolution
		{D65D0584-EE8E-4FE6-AA38-37F28AA28506}.Debug|Any CPU.ActiveCfg = Debug|Any CPU
		{D65D0584-EE8E-4FE6-AA38-37F28AA28506}.Debug|Any CPU.Build.0 = Debug|Any CPU
		{D65D0584-EE8E-4FE6-AA38-37F28AA28506}.Release|Any CPU.ActiveCfg = Release|Any CPU
		{D65D0584-EE8E-4FE6-AA38-37F28AA28506}.Release|Any CPU.Build.0 = Release|Any CPU
	EndGlobalSection
	GlobalSection(SolutionProperties) = preSolution
		HideSolutionNode = FALSE
	EndGlobalSection
	GlobalSection(ExtensibilityGlobals) = postSolution
		SolutionGuid = {6AD15478-D958-4842-BDC4-DBC0F5193508}
	EndGlobalSection
EndGlobal
